// !$*UTF8*$!
{
	archiveVersion = 1;
	classes = {
	};
	objectVersion = 46;
	objects = {

/* Begin PBXBuildFile section */
		E11240061BFC829500DC08F0 /* main.m in Sources */ = {isa = PBXBuildFile; fileRef = E11240051BFC829500DC08F0 /* main.m */; };
		E11240091BFC829500DC08F0 /* AppDelegate.m in Sources */ = {isa = PBXBuildFile; fileRef = E11240081BFC829500DC08F0 /* AppDelegate.m */; };
		E112400C1BFC829500DC08F0 /* ViewController.m in Sources */ = {isa = PBXBuildFile; fileRef = E112400B1BFC829500DC08F0 /* ViewController.m */; };
		E112400F1BFC829500DC08F0 /* Main.storyboard in Resources */ = {isa = PBXBuildFile; fileRef = E112400D1BFC829500DC08F0 /* Main.storyboard */; };
		E11240111BFC829500DC08F0 /* Assets.xcassets in Resources */ = {isa = PBXBuildFile; fileRef = E11240101BFC829500DC08F0 /* Assets.xcassets */; };
		E11240141BFC829500DC08F0 /* LaunchScreen.storyboard in Resources */ = {isa = PBXBuildFile; fileRef = E11240121BFC829500DC08F0 /* LaunchScreen.storyboard */; };
/* End PBXBuildFile section */

/* Begin PBXFileReference section */
		E11240011BFC829500DC08F0 /* uptime test.app */ = {isa = PBXFileReference; explicitFileType = wrapper.application; includeInIndex = 0; path = "uptime test.app"; sourceTree = BUILT_PRODUCTS_DIR; };
		E11240051BFC829500DC08F0 /* main.m */ = {isa = PBXFileReference; lastKnownFileType = sourcecode.c.objc; path = main.m; sourceTree = "<group>"; };
		E11240071BFC829500DC08F0 /* AppDelegate.h */ = {isa = PBXFileReference; lastKnownFileType = sourcecode.c.h; path = AppDelegate.h; sourceTree = "<group>"; };
		E11240081BFC829500DC08F0 /* AppDelegate.m */ = {isa = PBXFileReference; lastKnownFileType = sourcecode.c.objc; path = AppDelegate.m; sourceTree = "<group>"; };
		E112400A1BFC829500DC08F0 /* ViewController.h */ = {isa = PBXFileReference; lastKnownFileType = sourcecode.c.h; path = ViewController.h; sourceTree = "<group>"; };
		E112400B1BFC829500DC08F0 /* ViewController.m */ = {isa = PBXFileReference; lastKnownFileType = sourcecode.c.objc; path = ViewController.m; sourceTree = "<group>"; };
		E112400E1BFC829500DC08F0 /* Base */ = {isa = PBXFileReference; lastKnownFileType = file.storyboard; name = Base; path = Base.lproj/Main.storyboard; sourceTree = "<group>"; };
		E11240101BFC829500DC08F0 /* Assets.xcassets */ = {isa = PBXFileReference; lastKnownFileType = folder.assetcatalog; path = Assets.xcassets; sourceTree = "<group>"; };
		E11240131BFC829500DC08F0 /* Base */ = {isa = PBXFileReference; lastKnownFileType = file.storyboard; name = Base; path = Base.lproj/LaunchScreen.storyboard; sourceTree = "<group>"; };
		E11240151BFC829500DC08F0 /* Info.plist */ = {isa = PBXFileReference; lastKnownFileType = text.plist.xml; path = Info.plist; sourceTree = "<group>"; };
/* End PBXFileReference section */

/* Begin PBXFrameworksBuildPhase section */
		E1123FFE1BFC829500DC08F0 /* Frameworks */ = {
			isa = PBXFrameworksBuildPhase;
			buildActionMask = 2147483647;
			files = (
			);
			runOnlyForDeploymentPostprocessing = 0;
		};
/* End PBXFrameworksBuildPhase section */

/* Begin PBXGroup section */
		E1123FF81BFC829500DC08F0 = {
			isa = PBXGroup;
			children = (
				E11240031BFC829500DC08F0 /* uptime test */,
				E11240021BFC829500DC08F0 /* Products */,
			);
			sourceTree = "<group>";
		};
		E11240021BFC829500DC08F0 /* Products */ = {
			isa = PBXGroup;
			children = (
				E11240011BFC829500DC08F0 /* uptime test.app */,
			);
			name = Products;
			sourceTree = "<group>";
		};
		E11240031BFC829500DC08F0 /* uptime test */ = {
			isa = PBXGroup;
			children = (
				E11240071BFC829500DC08F0 /* AppDelegate.h */,
				E11240081BFC829500DC08F0 /* AppDelegate.m */,
				E112400A1BFC829500DC08F0 /* ViewController.h */,
				E112400B1BFC829500DC08F0 /* ViewController.m */,
				E112400D1BFC829500DC08F0 /* Main.storyboard */,
				E11240101BFC829500DC08F0 /* Assets.xcassets */,
				E11240121BFC829500DC08F0 /* LaunchScreen.storyboard */,
				E11240151BFC829500DC08F0 /* Info.plist */,
				E11240041BFC829500DC08F0 /* Supporting Files */,
			);
			path = "uptime test";
			sourceTree = "<group>";
		};
		E11240041BFC829500DC08F0 /* Supporting Files */ = {
			isa = PBXGroup;
			children = (
				E11240051BFC829500DC08F0 /* main.m */,
			);
			name = "Supporting Files";
			sourceTree = "<group>";
		};
/* End PBXGroup section */

/* Begin PBXNativeTarget section */
		E11240001BFC829500DC08F0 /* uptime test */ = {
			isa = PBXNativeTarget;
			buildConfigurationList = E11240181BFC829500DC08F0 /* Build configuration list for PBXNativeTarget "uptime test" */;
			buildPhases = (
				E1123FFD1BFC829500DC08F0 /* Sources */,
				E1123FFE1BFC829500DC08F0 /* Frameworks */,
				E1123FFF1BFC829500DC08F0 /* Resources */,
			);
			buildRules = (
			);
			dependencies = (
			);
			name = "uptime test";
			productName = "uptime test";
			productReference = E11240011BFC829500DC08F0 /* uptime test.app */;
			productType = "com.apple.product-type.application";
		};
/* End PBXNativeTarget section */

/* Begin PBXProject section */
		E1123FF91BFC829500DC08F0 /* Project object */ = {
			isa = PBXProject;
			attributes = {
				LastUpgradeCheck = 0710;
				ORGANIZATIONNAME = test;
				TargetAttributes = {
					E11240001BFC829500DC08F0 = {
						CreatedOnToolsVersion = 7.1;
						DevelopmentTeam = GL2NT2C5AC;
					};
				};
			};
			buildConfigurationList = E1123FFC1BFC829500DC08F0 /* Build configuration list for PBXProject "UptimeTest" */;
			compatibilityVersion = "Xcode 3.2";
			developmentRegion = English;
			hasScannedForEncodings = 0;
			knownRegions = (
				en,
				Base,
			);
			mainGroup = E1123FF81BFC829500DC08F0;
			productRefGroup = E11240021BFC829500DC08F0 /* Products */;
			projectDirPath = "";
			projectRoot = "";
			targets = (
				E11240001BFC829500DC08F0 /* uptime test */,
			);
		};
/* End PBXProject section */

/* Begin PBXResourcesBuildPhase section */
		E1123FFF1BFC829500DC08F0 /* Resources */ = {
			isa = PBXResourcesBuildPhase;
			buildActionMask = 2147483647;
			files = (
				E11240141BFC829500DC08F0 /* LaunchScreen.storyboard in Resources */,
				E11240111BFC829500DC08F0 /* Assets.xcassets in Resources */,
				E112400F1BFC829500DC08F0 /* Main.storyboard in Resources */,
			);
			runOnlyForDeploymentPostprocessing = 0;
		};
/* End PBXResourcesBuildPhase section */

/* Begin PBXSourcesBuildPhase section */
		E1123FFD1BFC829500DC08F0 /* Sources */ = {
			isa = PBXSourcesBuildPhase;
			buildActionMask = 2147483647;
			files = (
				E112400C1BFC829500DC08F0 /* ViewController.m in Sources */,
				E11240091BFC829500DC08F0 /* AppDelegate.m in Sources */,
				E11240061BFC829500DC08F0 /* main.m in Sources */,
			);
			runOnlyForDeploymentPostprocessing = 0;
		};
/* End PBXSourcesBuildPhase section */

/* Begin PBXVariantGroup section */
		E112400D1BFC829500DC08F0 /* Main.storyboard */ = {
			isa = PBXVariantGroup;
			children = (
				E112400E1BFC829500DC08F0 /* Base */,
			);
			name = Main.storyboard;
			sourceTree = "<group>";
		};
		E11240121BFC829500DC08F0 /* LaunchScreen.storyboard */ = {
			isa = PBXVariantGroup;
			children = (
				E11240131BFC829500DC08F0 /* Base */,
			);
			name = LaunchScreen.storyboard;
			sourceTree = "<group>";
		};
/* End PBXVariantGroup section */

/* Begin XCBuildConfiguration section */
		E11240161BFC829500DC08F0 /* Debug */ = {
			isa = XCBuildConfiguration;
			buildSettings = {
				ALWAYS_SEARCH_USER_PATHS = NO;
				CLANG_CXX_LANGUAGE_STANDARD = "gnu++0x";
				CLANG_CXX_LIBRARY = "libc++";
				CLANG_ENABLE_MODULES = YES;
				CLANG_ENABLE_OBJC_ARC = YES;
				CLANG_WARN_BOOL_CONVERSION = YES;
				CLANG_WARN_CONSTANT_CONVERSION = YES;
				CLANG_WARN_DIRECT_OBJC_ISA_USAGE = YES_ERROR;
				CLANG_WARN_EMPTY_BODY = YES;
				CLANG_WARN_ENUM_CONVERSION = YES;
				CLANG_WARN_INT_CONVERSION = YES;
				CLANG_WARN_OBJC_ROOT_CLASS = YES_ERROR;
				CLANG_WARN_UNREACHABLE_CODE = YES;
				CLANG_WARN__DUPLICATE_METHOD_MATCH = YES;
				"CODE_SIGN_IDENTITY[sdk=iphoneos*]" = "iPhone Developer";
				COPY_PHASE_STRIP = NO;
				DEBUG_INFORMATION_FORMAT = dwarf;
				ENABLE_STRICT_OBJC_MSGSEND = YES;
				ENABLE_TESTABILITY = YES;
				GCC_C_LANGUAGE_STANDARD = gnu99;
				GCC_DYNAMIC_NO_PIC = NO;
				GCC_NO_COMMON_BLOCKS = YES;
				GCC_OPTIMIZATION_LEVEL = 0;
				GCC_PREPROCESSOR_DEFINITIONS = (
					"DEBUG=1",
					"$(inherited)",
				);
				GCC_WARN_64_TO_32_BIT_CONVERSION = YES;
				GCC_WARN_ABOUT_RETURN_TYPE = YES_ERROR;
				GCC_WARN_UNDECLARED_SELECTOR = YES;
				GCC_WARN_UNINITIALIZED_AUTOS = YES_AGGRESSIVE;
				GCC_WARN_UNUSED_FUNCTION = YES;
				GCC_WARN_UNUSED_VARIABLE = YES;
				IPHONEOS_DEPLOYMENT_TARGET = 9.1;
				MTL_ENABLE_DEBUG_INFO = YES;
				ONLY_ACTIVE_ARCH = YES;
				SDKROOT = iphoneos;
				TARGETED_DEVICE_FAMILY = "1,2";
			};
			name = Debug;
		};
		E11240171BFC829500DC08F0 /* Release */ = {
			isa = XCBuildConfiguration;
			buildSettings = {
				ALWAYS_SEARCH_USER_PATHS = NO;
				CLANG_CXX_LANGUAGE_STANDARD = "gnu++0x";
				CLANG_CXX_LIBRARY = "libc++";
				CLANG_ENABLE_MODULES = YES;
				CLANG_ENABLE_OBJC_ARC = YES;
				CLANG_WARN_BOOL_CONVERSION = YES;
				CLANG_WARN_CONSTANT_CONVERSION = YES;
				CLANG_WARN_DIRECT_OBJC_ISA_USAGE = YES_ERROR;
				CLANG_WARN_EMPTY_BODY = YES;
				CLANG_WARN_ENUM_CONVERSION = YES;
				CLANG_WARN_INT_CONVERSION = YES;
				CLANG_WARN_OBJC_ROOT_CLASS = YES_ERROR;
				CLANG_WARN_UNREACHABLE_CODE = YES;
				CLANG_WARN__DUPLICATE_METHOD_MATCH = YES;
				"CODE_SIGN_IDENTITY[sdk=iphoneos*]" = "iPhone Developer";
				COPY_PHASE_STRIP = NO;
				DEBUG_INFORMATION_FORMAT = "dwarf-with-dsym";
				ENABLE_NS_ASSERTIONS = NO;
				ENABLE_STRICT_OBJC_MSGSEND = YES;
				GCC_C_LANGUAGE_STANDARD = gnu99;
				GCC_NO_COMMON_BLOCKS = YES;
				GCC_WARN_64_TO_32_BIT_CONVERSION = YES;
				GCC_WARN_ABOUT_RETURN_TYPE = YES_ERROR;
				GCC_WARN_UNDECLARED_SELECTOR = YES;
				GCC_WARN_UNINITIALIZED_AUTOS = YES_AGGRESSIVE;
				GCC_WARN_UNUSED_FUNCTION = YES;
				GCC_WARN_UNUSED_VARIABLE = YES;
				IPHONEOS_DEPLOYMENT_TARGET = 9.1;
				MTL_ENABLE_DEBUG_INFO = NO;
				SDKROOT = iphoneos;
				TARGETED_DEVICE_FAMILY = "1,2";
				VALIDATE_PRODUCT = YES;
			};
			name = Release;
		};
		E11240191BFC829500DC08F0 /* Debug */ = {
			isa = XCBuildConfiguration;
			buildSettings = {
				ASSETCATALOG_COMPILER_APPICON_NAME = AppIcon;
				CODE_SIGN_IDENTITY = "iPhone Developer";
				INFOPLIST_FILE = "uptime test/Info.plist";
				LD_RUNPATH_SEARCH_PATHS = "$(inherited) @executable_path/Frameworks";
				PRODUCT_BUNDLE_IDENTIFIER = "test.io.uptime-test";
				PRODUCT_NAME = "$(TARGET_NAME)";
			};
			name = Debug;
		};
		E112401A1BFC829500DC08F0 /* Release */ = {
			isa = XCBuildConfiguration;
			buildSettings = {
				ASSETCATALOG_COMPILER_APPICON_NAME = AppIcon;
				CODE_SIGN_IDENTITY = "iPhone Developer";
				INFOPLIST_FILE = "uptime test/Info.plist";
				LD_RUNPATH_SEARCH_PATHS = "$(inherited) @executable_path/Frameworks";
				PRODUCT_BUNDLE_IDENTIFIER = "test.io.uptime-test";
				PRODUCT_NAME = "$(TARGET_NAME)";
			};
			name = Release;
		};
/* End XCBuildConfiguration section */

/* Begin XCConfigurationList section */
		E1123FFC1BFC829500DC08F0 /* Build configuration list for PBXProject "UptimeTest" */ = {
			isa = XCConfigurationList;
			buildConfigurations = (
				E11240161BFC829500DC08F0 /* Debug */,
				E11240171BFC829500DC08F0 /* Release */,
			);
			defaultConfigurationIsVisible = 0;
			defaultConfigurationName = Release;
		};
		E11240181BFC829500DC08F0 /* Build configuration list for PBXNativeTarget "uptime test" */ = {
			isa = XCConfigurationList;
			buildConfigurations = (
				E11240191BFC829500DC08F0 /* Debug */,
				E112401A1BFC829500DC08F0 /* Release */,
			);
			defaultConfigurationIsVisible = 0;
		};
/* End XCConfigurationList section */
	};
	rootObject = E1123FF91BFC829500DC08F0 /* Project object */;
}
